
Microsoft Visual Studio Solution File, Format Version 12.00
# Visual Studio Version 17
VisualStudioVersion = 17.9.34714.143
MinimumVisualStudioVersion = 10.0.40219.1
Project("{FAE04EC0-301F-11D3-BF4B-00C04F79EFBC}") = "SfButtonTest", "SfButtonTest\SfButtonTest.csproj", "{8236B414-4D04-4C5F-86C5-4DDFAF08C2CD}"
EndProject
Global
	GlobalSection(SolutionConfigurationPlatforms) = preSolution
		Debug|Any CPU = Debug|Any CPU
		Release|Any CPU = Release|Any CPU
	EndGlobalSection
	GlobalSection(ProjectConfigurationPlatforms) = postSolution
		{8236B414-4D04-4C5F-86C5-4DDFAF08C2CD}.Debug|Any CPU.ActiveCfg = Debug|Any CPU
		{8236B414-4D04-4C5F-86C5-4DDFAF08C2CD}.Debug|Any CPU.Build.0 = Debug|Any CPU
		{8236B414-4D04-4C5F-86C5-4DDFAF08C2CD}.Debug|Any CPU.Deploy.0 = Debug|Any CPU
		{8236B414-4D04-4C5F-86C5-4DDFAF08C2CD}.Release|Any CPU.ActiveCfg = Release|Any CPU
		{8236B414-4D04-4C5F-86C5-4DDFAF08C2CD}.Release|Any CPU.Build.0 = Release|Any CPU
		{8236B414-4D04-4C5F-86C5-4DDFAF08C2CD}.Release|Any CPU.Deploy.0 = Release|Any CPU
	EndGlobalSection
	GlobalSection(SolutionProperties) = preSolution
		HideSolutionNode = FALSE
	EndGlobalSection
	GlobalSection(ExtensibilityGlobals) = postSolution
		SolutionGuid = {509DC2DC-A056-4AFD-A66A-46052C7566C3}
	EndGlobalSection
EndGlobal
